
Microsoft Visual Studio Solution File, Format Version 12.00
# Visual Studio Version 16
VisualStudioVersion = 16.0.28922.388
MinimumVisualStudioVersion = 10.0.40219.1
Project("{888888A0-9F3D-457C-B088-3A5042F75D52}") = "cmst", "cmst.pyproj", "{BDBC5E37-45B7-4223-B8D6-BE37B0A5C6D5}"
EndProject
Global
	GlobalSection(SolutionConfigurationPlatforms) = preSolution
		Debug|Any CPU = Debug|Any CPU
		Release|Any CPU = Release|Any CPU
	EndGlobalSection
	GlobalSection(ProjectConfigurationPlatforms) = postSolution
		{BDBC5E37-45B7-4223-B8D6-BE37B0A5C6D5}.Debug|Any CPU.ActiveCfg = Debug|Any CPU
		{BDBC5E37-45B7-4223-B8D6-BE37B0A5C6D5}.Release|Any CPU.ActiveCfg = Release|Any CPU
	EndGlobalSection
	GlobalSection(SolutionProperties) = preSolution
		HideSolutionNode = FALSE
	EndGlobalSection
	GlobalSection(ExtensibilityGlobals) = postSolution
		SolutionGuid = {845318D1-41D1-40A0-B5F2-0502526E4B74}
	EndGlobalSection
EndGlobal
